
Microsoft Visual Studio Solution File, Format Version 12.00
# Visual Studio Version 16
VisualStudioVersion = 16.0.29613.14
MinimumVisualStudioVersion = 10.0.40219.1
Project("{FAE04EC0-301F-11D3-BF4B-00C04F79EFBC}") = "Weather", "Weather.csproj", "{648F9453-02C9-4389-87F2-E587C4FECDC6}"
EndProject
Global
	GlobalSection(SolutionConfigurationPlatforms) = preSolution
		Debug|Any CPU = Debug|Any CPU
		Release|Any CPU = Release|Any CPU
	EndGlobalSection
	GlobalSection(ProjectConfigurationPlatforms) = postSolution
		{648F9453-02C9-4389-87F2-E587C4FECDC6}.Debug|Any CPU.ActiveCfg = Debug|Any CPU
		{648F9453-02C9-4389-87F2-E587C4FECDC6}.Debug|Any CPU.Build.0 = Debug|Any CPU
		{648F9453-02C9-4389-87F2-E587C4FECDC6}.Release|Any CPU.ActiveCfg = Release|Any CPU
		{648F9453-02C9-4389-87F2-E587C4FECDC6}.Release|Any CPU.Build.0 = Release|Any CPU
	EndGlobalSection
	GlobalSection(SolutionProperties) = preSolution
		HideSolutionNode = FALSE
	EndGlobalSection
	GlobalSection(ExtensibilityGlobals) = postSolution
		SolutionGuid = {30BB432C-CF7D-4830-8E51-70FCE37A8B7B}
	EndGlobalSection
EndGlobal
